<?xml version="1.0" encoding="utf-8"?>
<Project ToolsVersion="4.0" xmlns="http://schemas.microsoft.com/developer/msbuild/2003">
  <ItemGroup>
    <ClCompile Include="src\main.cpp" />
    <ClCompile Include="src\Entitys\Player.cpp">
      <Filter>Entitys</Filter>
    </ClCompile>
    <ClCompile Include="src\Entitys\Enemy.cpp">
      <Filter>Entitys</Filter>
    </ClCompile>
    <ClCompile Include="src\Entitys\Bullet.cpp">
      <Filter>Entitys</Filter>
    </ClCompile>
    <ClCompile Include="src\Game\Game.cpp">
      <Filter>Game</Filter>
    </ClCompile>
    <ClCompile Include="src\UI\button.cpp">
      <Filter>UI</Filter>
    </ClCompile>
    <ClCompile Include="src\Scenes\gameplay.cpp">
      <Filter>Scenes\Gameplay</Filter>
    </ClCompile>
    <ClCompile Include="src\Scenes\gameover.cpp">
      <Filter>Scenes\Gameover</Filter>
    </ClCompile>
    <ClCompile Include="src\Scenes\how_to_play.cpp">
      <Filter>Scenes\How to Play</Filter>
    </ClCompile>
    <ClCompile Include="src\Scenes\main_menu.cpp">
      <Filter>Scenes\Main_Menu</Filter>
    </ClCompile>
    <ClCompile Include="src\Scenes\credits.cpp">
      <Filter>Scenes\Credits</Filter>
    </ClCompile>
  </ItemGroup>
  <ItemGroup>
    <Filter Include="Entitys">
      <UniqueIdentifier>{1f3bfa40-9889-4615-8ab3-7f4be61d0ee2}</UniqueIdentifier>
    </Filter>
    <Filter Include="Game">
      <UniqueIdentifier>{30b5f83b-97b0-485a-9794-b5a517b661f4}</UniqueIdentifier>
    </Filter>
    <Filter Include="UI">
      <UniqueIdentifier>{ab5d65a3-8d0b-48ef-a09b-5bb020bc9b0f}</UniqueIdentifier>
    </Filter>
    <Filter Include="Scenes">
      <UniqueIdentifier>{2c572ead-d2b4-409c-9247-6e7e3f8b437c}</UniqueIdentifier>
    </Filter>
    <Filter Include="Scenes\How to Play">
      <UniqueIdentifier>{fbe08d8a-a008-4604-a0af-1fae44d07e4e}</UniqueIdentifier>
    </Filter>
    <Filter Include="Scenes\Gameplay">
      <UniqueIdentifier>{fe0271c8-c929-428b-8fb3-d41aba3e2909}</UniqueIdentifier>
    </Filter>
    <Filter Include="Scenes\Gameover">
      <UniqueIdentifier>{ae01c81d-0ec1-49e2-8d34-856c58cce57b}</UniqueIdentifier>
    </Filter>
    <Filter Include="Scenes\Main_Menu">
      <UniqueIdentifier>{6becae39-c507-4b37-a510-430580c604c9}</UniqueIdentifier>
    </Filter>
    <Filter Include="Scenes\Credits">
      <UniqueIdentifier>{339027f0-873f-4afc-ab9d-b3c84cdd96e8}</UniqueIdentifier>
    </Filter>
    <Filter Include="Tools">
      <UniqueIdentifier>{3be7c791-3ecc-46ed-8352-6903c3f566c6}</UniqueIdentifier>
    </Filter>
    <Filter Include="Effects">
      <UniqueIdentifier>{3beb00de-bcb0-415d-a197-1e18a4402933}</UniqueIdentifier>
    </Filter>
  </ItemGroup>
  <ItemGroup>
    <ClInclude Include="src\Entitys\Player.h">
      <Filter>Entitys</Filter>
    </ClInclude>
    <ClInclude Include="src\Entitys\Enemy.h">
      <Filter>Entitys</Filter>
    </ClInclude>
    <ClInclude Include="src\Entitys\Bullet.h">
      <Filter>Entitys</Filter>
    </ClInclude>
    <ClInclude Include="src\Game\Game.h">
      <Filter>Game</Filter>
    </ClInclude>
    <ClInclude Include="src\UI\button.h">
      <Filter>UI</Filter>
    </ClInclude>
    <ClInclude Include="src\Scenes\screen_options.h">
      <Filter>Scenes</Filter>
    </ClInclude>
    <ClInclude Include="src\Game\gameManager.h">
      <Filter>Game</Filter>
    </ClInclude>
    <ClInclude Include="src\Scenes\gameplay.h">
      <Filter>Scenes\Gameplay</Filter>
    </ClInclude>
    <ClInclude Include="src\Scenes\gameover.h">
      <Filter>Scenes\Gameover</Filter>
    </ClInclude>
    <ClInclude Include="src\Scenes\how_to_play.h">
      <Filter>Scenes\How to Play</Filter>
    </ClInclude>
    <ClInclude Include="src\Scenes\main_menu.h">
      <Filter>Scenes\Main_Menu</Filter>
    </ClInclude>
    <ClInclude Include="src\Scenes\credits.h">
      <Filter>Scenes\Credits</Filter>
    </ClInclude>
    <ClInclude Include="src\Tools\TextureInfo.h">
      <Filter>Tools</Filter>
    </ClInclude>
    <ClInclude Include="src\Effects\Explosion.h">
      <Filter>Effects</Filter>
    </ClInclude>
  </ItemGroup>
</Project>